
Microsoft Visual Studio Solution File, Format Version 12.00
# Visual Studio 15
VisualStudioVersion = 15.0.26124.0
MinimumVisualStudioVersion = 15.0.26124.0
Project("{2150E333-8FDC-42A3-9474-1A3956D46DE8}") = "src", "src", "{55995579-11E0-4E52-AC0A-75F143D641B5}"
EndProject
Project("{F2A71F9B-5D33-465A-A702-920D77279786}") = "Backend", "src\Backend\Backend.fsproj", "{C6C7FF74-51AA-4085-980A-4452FCE45701}"
EndProject
Project("{2150E333-8FDC-42A3-9474-1A3956D46DE8}") = "deploy", "deploy", "{52B846AD-4396-459D-A708-61EA5C6895DD}"
EndProject
Project("{F2A71F9B-5D33-465A-A702-920D77279786}") = "FarmerApp", "deploy\farmer\FarmerApp.fsproj", "{CF74B26A-BB23-47DC-93B3-397284A0D23C}"
EndProject
Project("{F2A71F9B-5D33-465A-A702-920D77279786}") = "Core", "src\Core\Core.fsproj", "{C1650EFE-C6E5-4B15-A55E-B34180A4D79A}"
EndProject
Project("{2150E333-8FDC-42A3-9474-1A3956D46DE8}") = "test", "test", "{8C568CF9-8F08-4A41-8E4E-069830249CF5}"
EndProject
Project("{F2A71F9B-5D33-465A-A702-920D77279786}") = "WebTests", "test\WebTests\WebTests.fsproj", "{A4C2FA72-7FBE-4C36-B364-011F3B33B7C9}"
EndProject
Global
	GlobalSection(SolutionConfigurationPlatforms) = preSolution
		Debug|Any CPU = Debug|Any CPU
		Debug|x64 = Debug|x64
		Debug|x86 = Debug|x86
		Release|Any CPU = Release|Any CPU
		Release|x64 = Release|x64
		Release|x86 = Release|x86
	EndGlobalSection
	GlobalSection(SolutionProperties) = preSolution
		HideSolutionNode = FALSE
	EndGlobalSection
	GlobalSection(ProjectConfigurationPlatforms) = postSolution
		{C6C7FF74-51AA-4085-980A-4452FCE45701}.Debug|Any CPU.ActiveCfg = Debug|Any CPU
		{C6C7FF74-51AA-4085-980A-4452FCE45701}.Debug|Any CPU.Build.0 = Debug|Any CPU
		{C6C7FF74-51AA-4085-980A-4452FCE45701}.Debug|x64.ActiveCfg = Debug|Any CPU
		{C6C7FF74-51AA-4085-980A-4452FCE45701}.Debug|x64.Build.0 = Debug|Any CPU
		{C6C7FF74-51AA-4085-980A-4452FCE45701}.Debug|x86.ActiveCfg = Debug|Any CPU
		{C6C7FF74-51AA-4085-980A-4452FCE45701}.Debug|x86.Build.0 = Debug|Any CPU
		{C6C7FF74-51AA-4085-980A-4452FCE45701}.Release|Any CPU.ActiveCfg = Release|Any CPU
		{C6C7FF74-51AA-4085-980A-4452FCE45701}.Release|Any CPU.Build.0 = Release|Any CPU
		{C6C7FF74-51AA-4085-980A-4452FCE45701}.Release|x64.ActiveCfg = Release|Any CPU
		{C6C7FF74-51AA-4085-980A-4452FCE45701}.Release|x64.Build.0 = Release|Any CPU
		{C6C7FF74-51AA-4085-980A-4452FCE45701}.Release|x86.ActiveCfg = Release|Any CPU
		{C6C7FF74-51AA-4085-980A-4452FCE45701}.Release|x86.Build.0 = Release|Any CPU
		{CF74B26A-BB23-47DC-93B3-397284A0D23C}.Debug|Any CPU.ActiveCfg = Debug|Any CPU
		{CF74B26A-BB23-47DC-93B3-397284A0D23C}.Debug|Any CPU.Build.0 = Debug|Any CPU
		{CF74B26A-BB23-47DC-93B3-397284A0D23C}.Debug|x64.ActiveCfg = Debug|Any CPU
		{CF74B26A-BB23-47DC-93B3-397284A0D23C}.Debug|x64.Build.0 = Debug|Any CPU
		{CF74B26A-BB23-47DC-93B3-397284A0D23C}.Debug|x86.ActiveCfg = Debug|Any CPU
		{CF74B26A-BB23-47DC-93B3-397284A0D23C}.Debug|x86.Build.0 = Debug|Any CPU
		{CF74B26A-BB23-47DC-93B3-397284A0D23C}.Release|Any CPU.ActiveCfg = Release|Any CPU
		{CF74B26A-BB23-47DC-93B3-397284A0D23C}.Release|Any CPU.Build.0 = Release|Any CPU
		{CF74B26A-BB23-47DC-93B3-397284A0D23C}.Release|x64.ActiveCfg = Release|Any CPU
		{CF74B26A-BB23-47DC-93B3-397284A0D23C}.Release|x64.Build.0 = Release|Any CPU
		{CF74B26A-BB23-47DC-93B3-397284A0D23C}.Release|x86.ActiveCfg = Release|Any CPU
		{CF74B26A-BB23-47DC-93B3-397284A0D23C}.Release|x86.Build.0 = Release|Any CPU
		{C1650EFE-C6E5-4B15-A55E-B34180A4D79A}.Debug|Any CPU.ActiveCfg = Debug|Any CPU
		{C1650EFE-C6E5-4B15-A55E-B34180A4D79A}.Debug|Any CPU.Build.0 = Debug|Any CPU
		{C1650EFE-C6E5-4B15-A55E-B34180A4D79A}.Debug|x64.ActiveCfg = Debug|Any CPU
		{C1650EFE-C6E5-4B15-A55E-B34180A4D79A}.Debug|x64.Build.0 = Debug|Any CPU
		{C1650EFE-C6E5-4B15-A55E-B34180A4D79A}.Debug|x86.ActiveCfg = Debug|Any CPU
		{C1650EFE-C6E5-4B15-A55E-B34180A4D79A}.Debug|x86.Build.0 = Debug|Any CPU
		{C1650EFE-C6E5-4B15-A55E-B34180A4D79A}.Release|Any CPU.ActiveCfg = Release|Any CPU
		{C1650EFE-C6E5-4B15-A55E-B34180A4D79A}.Release|Any CPU.Build.0 = Release|Any CPU
		{C1650EFE-C6E5-4B15-A55E-B34180A4D79A}.Release|x64.ActiveCfg = Release|Any CPU
		{C1650EFE-C6E5-4B15-A55E-B34180A4D79A}.Release|x64.Build.0 = Release|Any CPU
		{C1650EFE-C6E5-4B15-A55E-B34180A4D79A}.Release|x86.ActiveCfg = Release|Any CPU
		{C1650EFE-C6E5-4B15-A55E-B34180A4D79A}.Release|x86.Build.0 = Release|Any CPU
		{A4C2FA72-7FBE-4C36-B364-011F3B33B7C9}.Debug|Any CPU.ActiveCfg = Debug|Any CPU
		{A4C2FA72-7FBE-4C36-B364-011F3B33B7C9}.Debug|Any CPU.Build.0 = Debug|Any CPU
		{A4C2FA72-7FBE-4C36-B364-011F3B33B7C9}.Debug|x64.ActiveCfg = Debug|Any CPU
		{A4C2FA72-7FBE-4C36-B364-011F3B33B7C9}.Debug|x64.Build.0 = Debug|Any CPU
		{A4C2FA72-7FBE-4C36-B364-011F3B33B7C9}.Debug|x86.ActiveCfg = Debug|Any CPU
		{A4C2FA72-7FBE-4C36-B364-011F3B33B7C9}.Debug|x86.Build.0 = Debug|Any CPU
		{A4C2FA72-7FBE-4C36-B364-011F3B33B7C9}.Release|Any CPU.ActiveCfg = Release|Any CPU
		{A4C2FA72-7FBE-4C36-B364-011F3B33B7C9}.Release|Any CPU.Build.0 = Release|Any CPU
		{A4C2FA72-7FBE-4C36-B364-011F3B33B7C9}.Release|x64.ActiveCfg = Release|Any CPU
		{A4C2FA72-7FBE-4C36-B364-011F3B33B7C9}.Release|x64.Build.0 = Release|Any CPU
		{A4C2FA72-7FBE-4C36-B364-011F3B33B7C9}.Release|x86.ActiveCfg = Release|Any CPU
		{A4C2FA72-7FBE-4C36-B364-011F3B33B7C9}.Release|x86.Build.0 = Release|Any CPU
	EndGlobalSection
	GlobalSection(NestedProjects) = preSolution
		{C6C7FF74-51AA-4085-980A-4452FCE45701} = {55995579-11E0-4E52-AC0A-75F143D641B5}
		{CF74B26A-BB23-47DC-93B3-397284A0D23C} = {52B846AD-4396-459D-A708-61EA5C6895DD}
		{C1650EFE-C6E5-4B15-A55E-B34180A4D79A} = {55995579-11E0-4E52-AC0A-75F143D641B5}
		{A4C2FA72-7FBE-4C36-B364-011F3B33B7C9} = {8C568CF9-8F08-4A41-8E4E-069830249CF5}
	EndGlobalSection
EndGlobal
